{
  "version": 4,
  "terraform_version": "1.12.2",
  "serial": 52,
  "lineage": "36e0ecf0-2e4a-beb3-a008-1d3879ae5d2a",
  "outputs": {
    "backup_policy": {
      "value": {
        "backup_time": "04:00",
        "name": "dev-daily-backup",
        "retention_days": 7
      },
      "type": [
        "object",
        {
          "backup_time": "string",
          "name": "string",
          "retention_days": "number"
        }
      ]
    },
    "cost_estimation": {
      "value": {
        "estimated_total": "~${(150 + 60) * length(var.tenants)} USD/month",
        "note": "Costs can be reduced with preemptible instances and scheduled shutdown",
        "per_vm_monthly_cost": "~$150 USD (e2-standard-4 24/7)",
        "storage_cost_per_vm": "~$60 USD (300GB SSD)",
        "total_vms": 2
      },
      "type": [
        "object",
        {
          "estimated_total": "string",
          "note": "string",
          "per_vm_monthly_cost": "string",
          "storage_cost_per_vm": "string",
          "total_vms": "number"
        }
      ]
    },
    "data_disk": {
      "value": {
        "name": "dev-utmstack-data-disk",
        "self_link": "https://www.googleapis.com/compute/v1/projects/comp-468008/zones/asia-southeast2-a/disks/dev-utmstack-data-disk",
        "size": 150,
        "type": "pd-standard",
        "zone": "asia-southeast2-a"
      },
      "type": [
        "object",
        {
          "name": "string",
          "self_link": "string",
          "size": "number",
          "type": "string",
          "zone": "string"
        }
      ]
    },
    "firewall_rules": {
      "value": {
        "dev_ports_rule": "dev-allow-dev-ports",
        "internal_rule": "dev-allow-internal",
        "ssh_rule": "dev-allow-ssh"
      },
      "type": [
        "object",
        {
          "dev_ports_rule": "string",
          "internal_rule": "string",
          "ssh_rule": "string"
        }
      ]
    },
    "management_commands": {
      "value": {
        "list_instances": "gcloud compute instances list --project=comp-468008",
        "manage_tenants": "ssh to VM and run: /home/utmstack/manage-tenants.sh {start|stop|status|list}",
        "ssh_to_vm": "gcloud compute ssh dev-utmstack-vm --project=comp-468008 --zone=asia-southeast2-a",
        "start_vm": "gcloud compute instances start dev-utmstack-vm --project=comp-468008 --zone=asia-southeast2-a",
        "stop_vm": "gcloud compute instances stop dev-utmstack-vm --project=comp-468008 --zone=asia-southeast2-a"
      },
      "type": [
        "object",
        {
          "list_instances": "string",
          "manage_tenants": "string",
          "ssh_to_vm": "string",
          "start_vm": "string",
          "stop_vm": "string"
        }
      ]
    },
    "monitoring_link": {
      "value": "https://console.cloud.google.com/compute/instancesDetail/zones/asia-southeast2-a/instances/dev-utmstack-vm?project=comp-468008",
      "type": "string"
    },
    "network_info": {
      "value": {
        "network_id": "projects/comp-468008/global/networks/dev-utmstack-network",
        "network_name": "dev-utmstack-network",
        "region": "asia-southeast2",
        "subnet_cidr": "10.0.1.0/24",
        "subnet_name": "dev-utmstack-subnet",
        "zone": "asia-southeast2-a"
      },
      "type": [
        "object",
        {
          "network_id": "string",
          "network_name": "string",
          "region": "string",
          "subnet_cidr": "string",
          "subnet_name": "string",
          "zone": "string"
        }
      ]
    },
    "port_forwarding_commands": {
      "value": {
        "backend": "gcloud compute ssh dev-utmstack-vm --project=comp-468008 --zone=asia-southeast2-a -- -L 8080:localhost:8080",
        "database": "gcloud compute ssh dev-utmstack-vm --project=comp-468008 --zone=asia-southeast2-a -- -L 5432:localhost:5432",
        "frontend": "gcloud compute ssh dev-utmstack-vm --project=comp-468008 --zone=asia-southeast2-a -- -L 4200:localhost:4200",
        "full": "gcloud compute ssh dev-utmstack-vm --project=comp-468008 --zone=asia-southeast2-a -- -L 4200:localhost:4200 -L 8080:localhost:8080 -L 5432:localhost:5432"
      },
      "type": [
        "object",
        {
          "backend": "string",
          "database": "string",
          "frontend": "string",
          "full": "string"
        }
      ]
    },
    "project_info": {
      "value": {
        "environment": "dev",
        "project_id": "comp-468008",
        "region": "asia-southeast2",
        "zone": "asia-southeast2-a"
      },
      "type": [
        "object",
        {
          "environment": "string",
          "project_id": "string",
          "region": "string",
          "zone": "string"
        }
      ]
    },
    "service_account_email": {
      "value": "dev-utmstack-sa@comp-468008.iam.gserviceaccount.com",
      "type": "string"
    },
    "ssh_command": {
      "value": "ssh -i ~/.ssh/id_rsa utmstack@34.128.77.232",
      "type": "string"
    },
    "vm_info": {
      "value": {
        "external_ip": "34.128.77.232",
        "internal_ip": "10.0.1.2",
        "machine_type": "e2-standard-4",
        "name": "dev-utmstack-vm",
        "self_link": "https://www.googleapis.com/compute/v1/projects/comp-468008/zones/asia-southeast2-a/instances/dev-utmstack-vm",
        "status": "RUNNING",
        "tenants": {
          "tenant1": {
            "admin_email": "admin@tenant1.com",
            "description": "First tenant development environment",
            "domain": "tenant1.utmstack.local"
          },
          "tenant2": {
            "admin_email": "admin@tenant2.com",
            "description": "Second tenant development environment",
            "domain": "tenant2.utmstack.local"
          }
        },
        "zone": "asia-southeast2-a"
      },
      "type": [
        "object",
        {
          "external_ip": "string",
          "internal_ip": "string",
          "machine_type": "string",
          "name": "string",
          "self_link": "string",
          "status": "string",
          "tenants": [
            "map",
            [
              "object",
              {
                "admin_email": "string",
                "description": "string",
                "domain": "string"
              }
            ]
          ],
          "zone": "string"
        }
      ]
    },
    "web_urls": {
      "value": {
        "api_url": "http://34.128.77.232:8080/api",
        "backend_url": "http://34.128.77.232:8080",
        "frontend_url": "http://34.128.77.232:4200",
        "health_url": "http://34.128.77.232:8080/health"
      },
      "type": [
        "object",
        {
          "api_url": "string",
          "backend_url": "string",
          "frontend_url": "string",
          "health_url": "string"
        }
      ]
    }
  },
  "resources": [
    {
      "mode": "managed",
      "type": "google_compute_disk",
      "name": "utmstack_data_disk",
      "provider": "provider[\"registry.terraform.io/hashicorp/google\"]",
      "instances": [
        {
          "schema_version": 0,
          "attributes": {
            "access_mode": "",
            "async_primary_disk": [],
            "creation_timestamp": "2025-08-10T03:14:30.687-07:00",
            "description": "",
            "disk_encryption_key": [],
            "disk_id": "6116732146430627817",
            "effective_labels": {
              "environment": "dev",
              "purpose": "multi-tenant-data"
            },
            "enable_confidential_compute": false,
            "guest_os_features": [],
            "id": "projects/comp-468008/zones/asia-southeast2-a/disks/dev-utmstack-data-disk",
            "image": "",
            "label_fingerprint": "2VZW3sQk1mw=",
            "labels": {
              "environment": "dev",
              "purpose": "multi-tenant-data"
            },
            "last_attach_timestamp": "",
            "last_detach_timestamp": "",
            "licenses": [],
            "name": "dev-utmstack-data-disk",
            "physical_block_size_bytes": 4096,
            "project": "comp-468008",
            "provisioned_iops": 0,
            "provisioned_throughput": 0,
            "self_link": "https://www.googleapis.com/compute/v1/projects/comp-468008/zones/asia-southeast2-a/disks/dev-utmstack-data-disk",
            "size": 150,
            "snapshot": "",
            "source_disk": "",
            "source_disk_id": "",
            "source_image_encryption_key": [],
            "source_image_id": "",
            "source_snapshot_encryption_key": [],
            "source_snapshot_id": "",
            "storage_pool": "",
            "terraform_labels": {
              "environment": "dev",
              "purpose": "multi-tenant-data"
            },
            "timeouts": null,
            "type": "pd-standard",
            "users": [],
            "zone": "asia-southeast2-a"
          },
          "sensitive_attributes": [],
          "identity_schema_version": 0,
          "private": "eyJlMmJmYjczMC1lY2FhLTExZTYtOGY4OC0zNDM2M2JjN2M0YzAiOnsiY3JlYXRlIjoxMjAwMDAwMDAwMDAwLCJkZWxldGUiOjEyMDAwMDAwMDAwMDAsInVwZGF0ZSI6MTIwMDAwMDAwMDAwMH19"
        }
      ]
    },
    {
      "mode": "managed",
      "type": "google_compute_firewall",
      "name": "allow_dev_ports",
      "provider": "provider[\"registry.terraform.io/hashicorp/google\"]",
      "instances": [
        {
          "schema_version": 1,
          "attributes": {
            "allow": [
              {
                "ports": [
                  "3000",
                  "4200",
                  "8080",
                  "8443",
                  "9200",
                  "5432",
                  "9000"
                ],
                "protocol": "tcp"
              }
            ],
            "creation_timestamp": "2025-08-10T03:14:53.734-07:00",
            "deny": [],
            "description": "",
            "destination_ranges": [],
            "direction": "INGRESS",
            "disabled": false,
            "enable_logging": null,
            "id": "projects/comp-468008/global/firewalls/dev-allow-dev-ports",
            "log_config": [],
            "name": "dev-allow-dev-ports",
            "network": "https://www.googleapis.com/compute/v1/projects/comp-468008/global/networks/dev-utmstack-network",
            "priority": 1000,
            "project": "comp-468008",
            "self_link": "https://www.googleapis.com/compute/v1/projects/comp-468008/global/firewalls/dev-allow-dev-ports",
            "source_ranges": [
              "0.0.0.0/0"
            ],
            "source_service_accounts": null,
            "source_tags": null,
            "target_service_accounts": null,
            "target_tags": [
              "utmstack-dev"
            ],
            "timeouts": null
          },
          "sensitive_attributes": [],
          "identity_schema_version": 0,
          "private": "eyJlMmJmYjczMC1lY2FhLTExZTYtOGY4OC0zNDM2M2JjN2M0YzAiOnsiY3JlYXRlIjoxMjAwMDAwMDAwMDAwLCJkZWxldGUiOjEyMDAwMDAwMDAwMDAsInVwZGF0ZSI6MTIwMDAwMDAwMDAwMH0sInNjaGVtYV92ZXJzaW9uIjoiMSJ9",
          "dependencies": [
            "google_compute_network.utmstack_network"
          ]
        }
      ]
    },
    {
      "mode": "managed",
      "type": "google_compute_firewall",
      "name": "allow_internal",
      "provider": "provider[\"registry.terraform.io/hashicorp/google\"]",
      "instances": [
        {
          "schema_version": 1,
          "attributes": {
            "allow": [
              {
                "ports": [
                  "0-65535"
                ],
                "protocol": "tcp"
              },
              {
                "ports": [
                  "0-65535"
                ],
                "protocol": "udp"
              }
            ],
            "creation_timestamp": "2025-08-10T03:14:53.768-07:00",
            "deny": [],
            "description": "",
            "destination_ranges": [],
            "direction": "INGRESS",
            "disabled": false,
            "enable_logging": null,
            "id": "projects/comp-468008/global/firewalls/dev-allow-internal",
            "log_config": [],
            "name": "dev-allow-internal",
            "network": "https://www.googleapis.com/compute/v1/projects/comp-468008/global/networks/dev-utmstack-network",
            "priority": 1000,
            "project": "comp-468008",
            "self_link": "https://www.googleapis.com/compute/v1/projects/comp-468008/global/firewalls/dev-allow-internal",
            "source_ranges": [
              "10.0.1.0/24"
            ],
            "source_service_accounts": null,
            "source_tags": null,
            "target_service_accounts": null,
            "target_tags": [
              "utmstack-dev"
            ],
            "timeouts": null
          },
          "sensitive_attributes": [],
          "identity_schema_version": 0,
          "private": "eyJlMmJmYjczMC1lY2FhLTExZTYtOGY4OC0zNDM2M2JjN2M0YzAiOnsiY3JlYXRlIjoxMjAwMDAwMDAwMDAwLCJkZWxldGUiOjEyMDAwMDAwMDAwMDAsInVwZGF0ZSI6MTIwMDAwMDAwMDAwMH0sInNjaGVtYV92ZXJzaW9uIjoiMSJ9",
          "dependencies": [
            "google_compute_network.utmstack_network"
          ]
        }
      ]
    },
    {
      "mode": "managed",
      "type": "google_compute_firewall",
      "name": "allow_ssh",
      "provider": "provider[\"registry.terraform.io/hashicorp/google\"]",
      "instances": [
        {
          "schema_version": 1,
          "attributes": {
            "allow": [
              {
                "ports": [
                  "22"
                ],
                "protocol": "tcp"
              }
            ],
            "creation_timestamp": "2025-08-10T03:14:53.773-07:00",
            "deny": [],
            "description": "",
            "destination_ranges": [],
            "direction": "INGRESS",
            "disabled": false,
            "enable_logging": null,
            "id": "projects/comp-468008/global/firewalls/dev-allow-ssh",
            "log_config": [],
            "name": "dev-allow-ssh",
            "network": "https://www.googleapis.com/compute/v1/projects/comp-468008/global/networks/dev-utmstack-network",
            "priority": 1000,
            "project": "comp-468008",
            "self_link": "https://www.googleapis.com/compute/v1/projects/comp-468008/global/firewalls/dev-allow-ssh",
            "source_ranges": [
              "0.0.0.0/0"
            ],
            "source_service_accounts": null,
            "source_tags": null,
            "target_service_accounts": null,
            "target_tags": [
              "utmstack-dev"
            ],
            "timeouts": null
          },
          "sensitive_attributes": [],
          "identity_schema_version": 0,
          "private": "eyJlMmJmYjczMC1lY2FhLTExZTYtOGY4OC0zNDM2M2JjN2M0YzAiOnsiY3JlYXRlIjoxMjAwMDAwMDAwMDAwLCJkZWxldGUiOjEyMDAwMDAwMDAwMDAsInVwZGF0ZSI6MTIwMDAwMDAwMDAwMH0sInNjaGVtYV92ZXJzaW9uIjoiMSJ9",
          "dependencies": [
            "google_compute_network.utmstack_network"
          ]
        }
      ]
    },
    {
      "mode": "managed",
      "type": "google_compute_instance",
      "name": "utmstack_vm",
      "provider": "provider[\"registry.terraform.io/hashicorp/google\"]",
      "instances": [
        {
          "schema_version": 6,
          "attributes": {
            "advanced_machine_features": [],
            "allow_stopping_for_update": true,
            "attached_disk": [
              {
                "device_name": "data-disk",
                "disk_encryption_key_raw": "",
                "disk_encryption_key_sha256": "",
                "kms_key_self_link": "",
                "mode": "READ_WRITE",
                "source": "https://www.googleapis.com/compute/v1/projects/comp-468008/zones/asia-southeast2-a/disks/dev-utmstack-data-disk"
              }
            ],
            "boot_disk": [
              {
                "auto_delete": true,
                "device_name": "persistent-disk-0",
                "disk_encryption_key_raw": "",
                "disk_encryption_key_sha256": "",
                "initialize_params": [
                  {
                    "enable_confidential_compute": false,
                    "image": "https://www.googleapis.com/compute/v1/projects/ubuntu-os-cloud/global/images/ubuntu-2404-noble-amd64-v20250805",
                    "labels": {},
                    "provisioned_iops": 0,
                    "provisioned_throughput": 0,
                    "resource_manager_tags": null,
                    "size": 100,
                    "storage_pool": "",
                    "type": "pd-ssd"
                  }
                ],
                "kms_key_self_link": "",
                "mode": "READ_WRITE",
                "source": "https://www.googleapis.com/compute/v1/projects/comp-468008/zones/asia-southeast2-a/disks/dev-utmstack-vm"
              }
            ],
            "can_ip_forward": false,
            "confidential_instance_config": [],
            "cpu_platform": "AMD Rome",
            "current_status": "RUNNING",
            "deletion_protection": false,
            "description": "",
            "desired_status": null,
            "effective_labels": {
              "environment": "dev",
              "purpose": "multi-tenant-development"
            },
            "enable_display": false,
            "guest_accelerator": [],
            "hostname": "",
            "id": "projects/comp-468008/zones/asia-southeast2-a/instances/dev-utmstack-vm",
            "instance_id": "5586699951942258651",
            "label_fingerprint": "Bej6YIOnMR8=",
            "labels": {
              "environment": "dev",
              "purpose": "multi-tenant-development"
            },
            "machine_type": "e2-standard-4",
            "metadata": {
              "enable-oslogin": "TRUE",
              "git-repo-url": "https://github.com/utmstack/UTMStack.git",
              "ssh-keys": "utmstack:ssh-rsa AAAAB3NzaC1yc2EAAAADAQABAAACAQDdK+tZqa69CbkhXjqWRT6xHvSFDKfLYakr+q6LNcFs1kYe5tW0+uND0qZ9rVob1T+JN7ik/w3X0w5ymouPHmu4b+yJXGbJUBQVxHvOq+8ZfZvAJUjlV5PWI5RHtgVSUuSCNzu++kFoqvthxefDSWniNjlB3JT7kfJEatKhDxu3GB1tw5o/rN9AOYDZeVZQjI97CPb1IEN5gVdV6hqodcMP55EQvggh4bijKB8edFWh8oiXRDN3ixXmbm9foIpyNYHdLCExMXvxEx4zVAKnciBrNedskUXjzwisRmkJrvxtWOZ3ke8ycbhobjsXXOavEDY8tk7zhGiLeL5U7Knw/D+W3C5yOVzYl1/qLQG3Bw0entri0dYKivncHHi2TUPsC+oKwgn1hFo5LFEC3cQ8s1YY5xX3HdVWBj/vQfE26137iRku0XkCKW2XaualK7v0P0F7LTysHlEXkTtg6SQtH7qHppWj2HyKhWxyDJ3JhMA5KIbt8WvEnG7UUBy2ZDVgXGMbG8ZvFytaNb7VexKO8FrYezlSI6RA8EJhGAAHWMpzA0EVqY0wPc7bReS7LxkmFMmMVROO+72CdRvzAHRj/0Wy7HA/a9kks8e5WNcFyLQD9XlqCE9Ncx0ZTscDE/Y0Vl2mYYOCJ2aRqIU956iHKN06pg9B8I7QgWIup2nnFh3yiQ== ptsec@DESKTOP-PS5GMDK\n",
              "startup-script": "#!/bin/bash\n\n# UTMStack Multi-Tenant VM Startup Script\n# This script initializes a single GCP VM for multiple UTMStack tenants\n\nset -e\n\n# Configuration from metadata\nTENANTS_CONFIG=$(curl -s \"http://metadata.google.internal/computeMetadata/v1/instance/attributes/tenants-config\" -H \"Metadata-Flavor: Google\")\nGIT_REPO_URL=$(curl -s \"http://metadata.google.internal/computeMetadata/v1/instance/attributes/git-repo-url\" -H \"Metadata-Flavor: Google\" || echo \"https://github.com/utmstack/UTMStack.git\")\n\n# Logging\nLOG_FILE=\"/var/log/utmstack-startup.log\"\nexec 1\u003e \u003e(tee -a \"$LOG_FILE\")\nexec 2\u003e\u00261\n\necho \"=== UTMStack Multi-Tenant Startup Script Started at $(date) ===\"\necho \"Tenants Configuration: $TENANTS_CONFIG\"\necho \"Git Repository: $GIT_REPO_URL\"\n\n# Update system\necho \"\u003e\u003e\u003e Updating system packages...\"\napt-get update\napt-get upgrade -y\n\n# Install essential tools including jq for JSON parsing\necho \"\u003e\u003e\u003e Installing essential tools...\"\napt-get install -y curl wget git vim htop tree unzip jq software-properties-common apt-transport-https ca-certificates gnupg lsb-release\n\n# Mount data disk\necho \"\u003e\u003e\u003e Setting up data disk...\"\nDATA_DISK=\"/dev/disk/by-id/google-data-disk\"\nif [ -b \"$DATA_DISK\" ]; then\n    # Format if not already formatted\n    if ! blkid \"$DATA_DISK\"; then\n        mkfs.ext4 -F \"$DATA_DISK\"\n    fi\n    \n    # Create mount point and mount\n    mkdir -p \"/data\"\n    echo \"$DATA_DISK /data ext4 defaults 0 2\" \u003e\u003e /etc/fstab\n    mount \"/data\"\n    \n    # Set permissions\n    chmod 755 \"/data\"\n    chown root:root \"/data\"\nfi\n\n# Create utmstack user if doesn't exist\necho \"\u003e\u003e\u003e Creating utmstack user...\"\nif ! id \"utmstack\" \u0026\u003e/dev/null; then\n    useradd -m -s /bin/bash utmstack\n    usermod -aG sudo utmstack\n    echo \"utmstack ALL=(ALL) NOPASSWD:ALL\" \u003e\u003e /etc/sudoers.d/utmstack\nfi\n\n# Change ownership of data directory\nchown utmstack:utmstack \"/data\" || true\n\n# Install Java 11\necho \"\u003e\u003e\u003e Installing Java 11...\"\napt-get install -y openjdk-11-jdk\necho 'export JAVA_HOME=/usr/lib/jvm/java-11-openjdk-amd64' \u003e\u003e /etc/environment\nexport JAVA_HOME=/usr/lib/jvm/java-11-openjdk-amd64\n\n# Install Maven\necho \"\u003e\u003e\u003e Installing Maven...\"\napt-get install -y maven\n\n# Install Node.js 18.x\necho \"\u003e\u003e\u003e Installing Node.js...\"\ncurl -fsSL https://deb.nodesource.com/setup_18.x | bash -\napt-get install -y nodejs\n\n# Install Angular CLI\necho \"\u003e\u003e\u003e Installing Angular CLI...\"\nnpm install -g @angular/cli@7\n\n# Install Go 1.21\necho \"\u003e\u003e\u003e Installing Go...\"\nwget -q https://go.dev/dl/go1.21.0.linux-amd64.tar.gz\ntar -C /usr/local -xzf go1.21.0.linux-amd64.tar.gz\necho 'export PATH=$PATH:/usr/local/go/bin' \u003e\u003e /etc/environment\nexport PATH=$PATH:/usr/local/go/bin\nrm go1.21.0.linux-amd64.tar.gz\n\n# Install Python 3.11\necho \"\u003e\u003e\u003e Installing Python...\"\napt-get install -y python3.11 python3.11-venv python3-pip\n\n# Install PostgreSQL\necho \"\u003e\u003e\u003e Installing PostgreSQL...\"\napt-get install -y postgresql postgresql-contrib\nsystemctl start postgresql\nsystemctl enable postgresql\n\n# Create databases for all tenants\necho \"\u003e\u003e\u003e Creating tenant databases...\"\necho \"$TENANTS_CONFIG\" | jq -r 'to_entries[] | @base64' | while read tenant_data; do\n    TENANT_JSON=$(echo \"$tenant_data\" | base64 -d)\n    TENANT_NAME=$(echo \"$TENANT_JSON\" | jq -r '.key')\n    \n    echo \"Creating database for tenant: $TENANT_NAME\"\n    sudo -u postgres psql -c \"CREATE DATABASE utmstack_$TENANT_NAME;\" || true\n    sudo -u postgres psql -c \"CREATE USER utmstack_$TENANT_NAME WITH PASSWORD 'utmstack123';\" || true\n    sudo -u postgres psql -c \"GRANT ALL PRIVILEGES ON DATABASE utmstack_$TENANT_NAME TO utmstack_$TENANT_NAME;\" || true\ndone\n\n# Install Docker\necho \"\u003e\u003e\u003e Installing Docker...\"\ncurl -fsSL https://get.docker.com -o get-docker.sh\nsh get-docker.sh\nusermod -aG docker utmstack\nsystemctl start docker\nsystemctl enable docker\nrm get-docker.sh\n\n# Install Docker Compose\necho \"\u003e\u003e\u003e Installing Docker Compose...\"\napt-get install -y docker-compose-plugin\n\n# Install monitoring tools\necho \"\u003e\u003e\u003e Installing monitoring tools...\"\napt-get install -y htop iotop nethogs net-tools\n\n# Configure firewall (ufw)\necho \"\u003e\u003e\u003e Configuring firewall...\"\nufw --force enable\nufw allow ssh\nufw allow 3000\nufw allow 4200\nufw allow 8080\nufw allow 8443\nufw allow 9200\nufw allow 5432\n\n# Setup log rotation\necho \"\u003e\u003e\u003e Configuring log rotation...\"\ncat \u003e /etc/logrotate.d/utmstack \u003c\u003c EOF\n/data/*/logs/*.log {\n    daily\n    missingok\n    rotate 30\n    compress\n    delaycompress\n    notifempty\n    copytruncate\n}\nEOF\n\n# Clone UTMStack repository\necho \"\u003e\u003e\u003e Cloning UTMStack repository...\"\nsudo -u utmstack git clone \"$GIT_REPO_URL\" \"/home/utmstack/utmstack\" || true\n\n# Setup project directories for all tenants\necho \"\u003e\u003e\u003e Setting up project directories...\"\nsudo -u utmstack mkdir -p \"/home/utmstack/utmstack\"\nsudo -u utmstack mkdir -p \"/home/utmstack/tenants\"\n\necho \"$TENANTS_CONFIG\" | jq -r 'to_entries[] | @base64' | while read tenant_data; do\n    TENANT_JSON=$(echo \"$tenant_data\" | base64 -d)\n    TENANT_NAME=$(echo \"$TENANT_JSON\" | jq -r '.key')\n    \n    echo \"Setting up directories for tenant: $TENANT_NAME\"\n    sudo -u utmstack mkdir -p \"/data/$TENANT_NAME/logs\"\n    sudo -u utmstack mkdir -p \"/data/$TENANT_NAME/backups\"\n    sudo -u utmstack mkdir -p \"/data/$TENANT_NAME/config\"\n    sudo -u utmstack mkdir -p \"/home/utmstack/tenants/$TENANT_NAME\"\ndone\n\n# Create main data symlink\nsudo -u utmstack ln -sf \"/data\" \"/home/utmstack/data\" 2\u003e/dev/null || true\n\n# Set up main environment file\ncat \u003e \"/home/utmstack/.env\" \u003c\u003c EOF\n# UTMStack Multi-Tenant Environment Configuration\nTENANTS_CONFIG='$TENANTS_CONFIG'\nGIT_REPO_URL=$GIT_REPO_URL\n\n# Application Configuration\nJAVA_HOME=/usr/lib/jvm/java-11-openjdk-amd64\nNODE_ENV=development\nGO_ENV=development\n\n# Paths\nPROJECT_ROOT=/home/utmstack/utmstack\nDATA_ROOT=/data\nLOG_DIR=/data\n\n# Database Configuration\nDB_HOST=localhost\nDB_PORT=5432\n\n# Default Ports (can be customized per tenant)\nFRONTEND_PORT=4200\nBACKEND_PORT=8080\nAPI_PORT=8080\nELASTICSEARCH_PORT=9200\nEOF\n\nchown utmstack:utmstack \"/home/utmstack/.env\"\n\n# Create individual tenant environment files\necho \"$TENANTS_CONFIG\" | jq -r 'to_entries[] | @base64' | while read tenant_data; do\n    TENANT_JSON=$(echo \"$tenant_data\" | base64 -d)\n    TENANT_NAME=$(echo \"$TENANT_JSON\" | jq -r '.key')\n    TENANT_DOMAIN=$(echo \"$TENANT_JSON\" | jq -r '.value.domain')\n    ADMIN_EMAIL=$(echo \"$TENANT_JSON\" | jq -r '.value.admin_email')\n    \n    cat \u003e \"/home/utmstack/tenants/$TENANT_NAME/.env\" \u003c\u003c EOF\n# UTMStack Environment Configuration for $TENANT_NAME\nTENANT_NAME=$TENANT_NAME\nTENANT_DOMAIN=$TENANT_DOMAIN\nADMIN_EMAIL=$ADMIN_EMAIL\n\n# Database Configuration\nDB_HOST=localhost\nDB_PORT=5432\nDB_NAME=utmstack_$TENANT_NAME\nDB_USER=utmstack_$TENANT_NAME\nDB_PASSWORD=utmstack123\n\n# Paths\nPROJECT_ROOT=/home/utmstack/utmstack\nDATA_ROOT=/data/$TENANT_NAME\nLOG_DIR=/data/$TENANT_NAME/logs\n\n# Tenant-specific Ports (adjust as needed)\nFRONTEND_PORT=4200\nBACKEND_PORT=8080\nAPI_PORT=8080\nEOF\n    \n    chown utmstack:utmstack \"/home/utmstack/tenants/$TENANT_NAME/.env\"\ndone\n\n# Install VS Code (optional)\necho \"\u003e\u003e\u003e Installing VS Code...\"\nwget -qO- https://packages.microsoft.com/keys/microsoft.asc | gpg --dearmor \u003e packages.microsoft.gpg\ninstall -o root -g root -m 644 packages.microsoft.gpg /etc/apt/trusted.gpg.d/\necho \"deb [arch=amd64,arm64,armhf signed-by=/etc/apt/trusted.gpg.d/packages.microsoft.gpg] https://packages.microsoft.com/repos/code stable main\" \u003e /etc/apt/sources.list.d/vscode.list\napt-get update\napt-get install -y code\n\n# Build UTMStack project (if repository exists)\nif [ -d \"/home/utmstack/utmstack\" ]; then\n    echo \"\u003e\u003e\u003e Building UTMStack project...\"\n    cd \"/home/utmstack/utmstack\"\n    \n    # Backend build\n    if [ -d \"backend\" ]; then\n        cd backend\n        sudo -u utmstack ./mvnw clean install -DskipTests || true\n        cd ..\n    fi\n    \n    # Frontend build\n    if [ -d \"frontend\" ]; then\n        cd frontend\n        sudo -u utmstack npm install || true\n        cd ..\n    fi\n    \n    # Go services\n    if [ -d \"correlation\" ]; then\n        cd correlation\n        sudo -u utmstack go mod download || true\n        cd ..\n    fi\nfi\n\n# Create multi-tenant startup services\necho \"\u003e\u003e\u003e Creating systemd services...\"\n\n# Create a main UTMStack management script\ncat \u003e \"/home/utmstack/manage-tenants.sh\" \u003c\u003c 'EOF'\n#!/bin/bash\n\n# UTMStack Multi-Tenant Management Script\n\nsource /home/utmstack/.env\n\ncase \"$1\" in\n    start)\n        echo \"Starting UTMStack services for all tenants...\"\n        # Add tenant-specific startup logic here\n        ;;\n    stop)\n        echo \"Stopping UTMStack services for all tenants...\"\n        pkill -f \"spring-boot:run\" || true\n        pkill -f \"npm start\" || true\n        ;;\n    status)\n        echo \"UTMStack Multi-Tenant Status:\"\n        echo \"Available tenants:\"\n        echo \"$TENANTS_CONFIG\" | jq -r 'keys[]'\n        ;;\n    list)\n        echo \"Available tenants:\"\n        echo \"$TENANTS_CONFIG\" | jq -r 'to_entries[] | \"\\(.key): \\(.value.domain) (\\(.value.admin_email))\"'\n        ;;\n    *)\n        echo \"Usage: $0 {start|stop|status|list}\"\n        echo \"  start  - Start UTMStack services\"\n        echo \"  stop   - Stop UTMStack services\"\n        echo \"  status - Show status\"\n        echo \"  list   - List all tenants\"\n        exit 1\n        ;;\nesac\nEOF\n\nchmod +x \"/home/utmstack/manage-tenants.sh\"\nchown utmstack:utmstack \"/home/utmstack/manage-tenants.sh\"\n\n# Create systemd service\ncat \u003e \"/etc/systemd/system/utmstack-multi-tenant.service\" \u003c\u003c EOF\n[Unit]\nDescription=UTMStack Multi-Tenant Service\nAfter=network.target postgresql.service\n\n[Service]\nType=oneshot\nUser=utmstack\nWorkingDirectory=/home/utmstack\nEnvironmentFile=/home/utmstack/.env\nExecStart=/home/utmstack/manage-tenants.sh start\nRemainAfterExit=yes\n\n[Install]\nWantedBy=multi-user.target\nEOF\n\n# Enable service\nsystemctl daemon-reload\nsystemctl enable utmstack-multi-tenant\n\n# Install GCP monitoring agent\necho \"\u003e\u003e\u003e Installing GCP monitoring agent...\"\ncurl -sSO https://dl.google.com/cloudagents/add-google-cloud-ops-agent-repo.sh\nbash add-google-cloud-ops-agent-repo.sh --also-install\nrm add-google-cloud-ops-agent-repo.sh\n\n# Create health check endpoint\necho \"\u003e\u003e\u003e Creating health check endpoint...\"\nmkdir -p /var/www/html\ncat \u003e /var/www/html/health \u003c\u003c EOF\n{\n  \"status\": \"healthy\",\n  \"type\": \"multi-tenant\",\n  \"timestamp\": \"$(date -Iseconds)\",\n  \"tenants\": $(echo \"$TENANTS_CONFIG\" | jq 'keys'),\n  \"services\": {\n    \"postgresql\": \"running\",\n    \"docker\": \"running\"\n  }\n}\nEOF\n\n# Install nginx for health checks\napt-get install -y nginx\nsystemctl start nginx\nsystemctl enable nginx\n\n# Configure nginx for health endpoint and multi-tenant routing\ncat \u003e /etc/nginx/sites-available/utmstack \u003c\u003c EOF\nserver {\n    listen 8080 default_server;\n    server_name _;\n    \n    location /health {\n        root /var/www/html;\n        default_type application/json;\n    }\n    \n    location / {\n        proxy_pass http://localhost:4200;\n        proxy_set_header Host \\$host;\n        proxy_set_header X-Real-IP \\$remote_addr;\n    }\n    \n    # Add tenant-specific routing if needed\n    # location /tenant1/ {\n    #     proxy_pass http://localhost:4201/;\n    # }\n}\nEOF\n\nln -sf /etc/nginx/sites-available/utmstack /etc/nginx/sites-enabled/\nrm -f /etc/nginx/sites-enabled/default\nsystemctl reload nginx\n\n# Final setup\necho \"\u003e\u003e\u003e Final setup...\"\n# Set timezone\ntimedatectl set-timezone Asia/Jakarta\n\n# Create comprehensive README\ncat \u003e \"/home/utmstack/README-MULTI-TENANT.txt\" \u003c\u003c EOF\n=== UTMStack Multi-Tenant Development Environment ===\nDeployed: $(date)\n\nAVAILABLE TENANTS:\n$(echo \"$TENANTS_CONFIG\" | jq -r 'to_entries[] | \"  \\(.key): \\(.value.domain) (\\(.value.admin_email))\"')\n\nPROJECT STRUCTURE:\n- Main Project: /home/utmstack/utmstack\n- Data Directory: /data\n- Tenant Configs: /home/utmstack/tenants/\n- Logs: /data/*/logs/\n\nSERVICES:\n- Frontend: http://localhost:4200\n- Backend: http://localhost:8080\n- Health Check: http://localhost:8080/health\n\nDATABASES:\n$(echo \"$TENANTS_CONFIG\" | jq -r 'keys[] | \"  utmstack_\\(.): postgresql://utmstack_\\(.):[REDACTED]@localhost:5432/utmstack_\\(.)\"')\n\nMANAGEMENT:\n- List tenants: /home/utmstack/manage-tenants.sh list\n- Start services: /home/utmstack/manage-tenants.sh start\n- Stop services: /home/utmstack/manage-tenants.sh stop\n- Check status: /home/utmstack/manage-tenants.sh status\n\nDEVELOPMENT:\n1. cd /home/utmstack/utmstack\n2. Choose a tenant configuration from /home/utmstack/tenants/\n3. Start backend: cd backend \u0026\u0026 ./mvnw spring-boot:run\n4. Start frontend: cd frontend \u0026\u0026 npm start\n\nINSTALLED SOFTWARE:\n- Java 11 (OpenJDK)\n- Node.js 18 + Angular CLI 7\n- Go 1.21\n- Python 3.11\n- PostgreSQL (with tenant databases)\n- Docker + Docker Compose\n- Git, Maven, npm, VS Code\nEOF\n\nchown utmstack:utmstack \"/home/utmstack/README-MULTI-TENANT.txt\"\n\necho \"=== UTMStack Multi-Tenant Startup Script Completed at $(date) ===\"\necho \"VM is ready for multi-tenant UTMStack development\"\necho \"Check /home/utmstack/README-MULTI-TENANT.txt for details\"\n",
              "tenants-config": "{\"tenant1\":{\"admin_email\":\"admin@tenant1.com\",\"description\":\"First tenant development environment\",\"domain\":\"tenant1.utmstack.local\"},\"tenant2\":{\"admin_email\":\"admin@tenant2.com\",\"description\":\"Second tenant development environment\",\"domain\":\"tenant2.utmstack.local\"}}"
            },
            "metadata_fingerprint": "fYsdIlOjYDI=",
            "metadata_startup_script": null,
            "min_cpu_platform": "",
            "name": "dev-utmstack-vm",
            "network_interface": [
              {
                "access_config": [
                  {
                    "nat_ip": "34.128.77.232",
                    "network_tier": "PREMIUM",
                    "public_ptr_domain_name": ""
                  }
                ],
                "alias_ip_range": [],
                "internal_ipv6_prefix_length": 0,
                "ipv6_access_config": [],
                "ipv6_access_type": "",
                "ipv6_address": "",
                "name": "nic0",
                "network": "https://www.googleapis.com/compute/v1/projects/comp-468008/global/networks/dev-utmstack-network",
                "network_ip": "10.0.1.2",
                "nic_type": "",
                "queue_count": 0,
                "stack_type": "IPV4_ONLY",
                "subnetwork": "https://www.googleapis.com/compute/v1/projects/comp-468008/regions/asia-southeast2/subnetworks/dev-utmstack-subnet",
                "subnetwork_project": "comp-468008"
              }
            ],
            "network_performance_config": [],
            "params": [],
            "project": "comp-468008",
            "reservation_affinity": [],
            "resource_policies": null,
            "scheduling": [
              {
                "automatic_restart": true,
                "instance_termination_action": "",
                "local_ssd_recovery_timeout": [],
                "max_run_duration": [],
                "min_node_cpus": 0,
                "node_affinities": [],
                "on_host_maintenance": "MIGRATE",
                "on_instance_stop_action": [],
                "preemptible": false,
                "provisioning_model": "STANDARD"
              }
            ],
            "scratch_disk": [],
            "self_link": "https://www.googleapis.com/compute/v1/projects/comp-468008/zones/asia-southeast2-a/instances/dev-utmstack-vm",
            "service_account": [
              {
                "email": "dev-utmstack-sa@comp-468008.iam.gserviceaccount.com",
                "scopes": [
                  "https://www.googleapis.com/auth/cloud-platform"
                ]
              }
            ],
            "shielded_instance_config": [
              {
                "enable_integrity_monitoring": true,
                "enable_secure_boot": false,
                "enable_vtpm": true
              }
            ],
            "tags": [
              "multi-tenant",
              "utmstack-dev"
            ],
            "tags_fingerprint": "Jk3pzgudJE0=",
            "terraform_labels": {
              "environment": "dev",
              "purpose": "multi-tenant-development"
            },
            "timeouts": null,
            "zone": "asia-southeast2-a"
          },
          "sensitive_attributes": [
            [
              {
                "type": "get_attr",
                "value": "attached_disk"
              },
              {
                "type": "index",
                "value": {
                  "value": 0,
                  "type": "number"
                }
              },
              {
                "type": "get_attr",
                "value": "disk_encryption_key_raw"
              }
            ],
            [
              {
                "type": "get_attr",
                "value": "boot_disk"
              },
              {
                "type": "index",
                "value": {
                  "value": 0,
                  "type": "number"
                }
              },
              {
                "type": "get_attr",
                "value": "disk_encryption_key_raw"
              }
            ]
          ],
          "identity_schema_version": 0,
          "private": "eyJlMmJmYjczMC1lY2FhLTExZTYtOGY4OC0zNDM2M2JjN2M0YzAiOnsiY3JlYXRlIjoxMjAwMDAwMDAwMDAwLCJkZWxldGUiOjEyMDAwMDAwMDAwMDAsInVwZGF0ZSI6MTIwMDAwMDAwMDAwMH0sInNjaGVtYV92ZXJzaW9uIjoiNiJ9",
          "dependencies": [
            "google_compute_disk.utmstack_data_disk",
            "google_compute_network.utmstack_network",
            "google_compute_subnetwork.utmstack_subnet",
            "google_service_account.utmstack_sa"
          ]
        }
      ]
    },
    {
      "mode": "managed",
      "type": "google_compute_network",
      "name": "utmstack_network",
      "provider": "provider[\"registry.terraform.io/hashicorp/google\"]",
      "instances": [
        {
          "schema_version": 0,
          "attributes": {
            "auto_create_subnetworks": false,
            "delete_default_routes_on_create": false,
            "description": "",
            "enable_ula_internal_ipv6": false,
            "gateway_ipv4": "",
            "id": "projects/comp-468008/global/networks/dev-utmstack-network",
            "internal_ipv6_range": "",
            "mtu": 0,
            "name": "dev-utmstack-network",
            "network_firewall_policy_enforcement_order": "AFTER_CLASSIC_FIREWALL",
            "numeric_id": "3445127192553836520",
            "project": "comp-468008",
            "routing_mode": "REGIONAL",
            "self_link": "https://www.googleapis.com/compute/v1/projects/comp-468008/global/networks/dev-utmstack-network",
            "timeouts": null
          },
          "sensitive_attributes": [],
          "identity_schema_version": 0,
          "private": "eyJlMmJmYjczMC1lY2FhLTExZTYtOGY4OC0zNDM2M2JjN2M0YzAiOnsiY3JlYXRlIjoxMjAwMDAwMDAwMDAwLCJkZWxldGUiOjEyMDAwMDAwMDAwMDAsInVwZGF0ZSI6MTIwMDAwMDAwMDAwMH19"
        }
      ]
    },
    {
      "mode": "managed",
      "type": "google_compute_resource_policy",
      "name": "daily_backup",
      "provider": "provider[\"registry.terraform.io/hashicorp/google\"]",
      "instances": [
        {
          "schema_version": 0,
          "attributes": {
            "description": "",
            "disk_consistency_group_policy": [],
            "group_placement_policy": [],
            "id": "projects/comp-468008/regions/asia-southeast2/resourcePolicies/dev-daily-backup",
            "instance_schedule_policy": [],
            "name": "dev-daily-backup",
            "project": "comp-468008",
            "region": "asia-southeast2",
            "self_link": "https://www.googleapis.com/compute/v1/projects/comp-468008/regions/asia-southeast2/resourcePolicies/dev-daily-backup",
            "snapshot_schedule_policy": [
              {
                "retention_policy": [
                  {
                    "max_retention_days": 7,
                    "on_source_disk_delete": "KEEP_AUTO_SNAPSHOTS"
                  }
                ],
                "schedule": [
                  {
                    "daily_schedule": [
                      {
                        "days_in_cycle": 1,
                        "start_time": "04:00"
                      }
                    ],
                    "hourly_schedule": [],
                    "weekly_schedule": []
                  }
                ],
                "snapshot_properties": []
              }
            ],
            "timeouts": null
          },
          "sensitive_attributes": [],
          "identity_schema_version": 0,
          "private": "eyJlMmJmYjczMC1lY2FhLTExZTYtOGY4OC0zNDM2M2JjN2M0YzAiOnsiY3JlYXRlIjoxMjAwMDAwMDAwMDAwLCJkZWxldGUiOjEyMDAwMDAwMDAwMDAsInVwZGF0ZSI6MTIwMDAwMDAwMDAwMH19"
        }
      ]
    },
    {
      "mode": "managed",
      "type": "google_compute_subnetwork",
      "name": "utmstack_subnet",
      "provider": "provider[\"registry.terraform.io/hashicorp/google\"]",
      "instances": [
        {
          "schema_version": 0,
          "attributes": {
            "creation_timestamp": "2025-08-10T03:14:54.503-07:00",
            "description": "",
            "external_ipv6_prefix": "",
            "fingerprint": null,
            "gateway_address": "10.0.1.1",
            "id": "projects/comp-468008/regions/asia-southeast2/subnetworks/dev-utmstack-subnet",
            "internal_ipv6_prefix": "",
            "ip_cidr_range": "10.0.1.0/24",
            "ipv6_access_type": "",
            "ipv6_cidr_range": "",
            "log_config": [],
            "name": "dev-utmstack-subnet",
            "network": "https://www.googleapis.com/compute/v1/projects/comp-468008/global/networks/dev-utmstack-network",
            "private_ip_google_access": false,
            "private_ipv6_google_access": "DISABLE_GOOGLE_ACCESS",
            "project": "comp-468008",
            "purpose": "PRIVATE",
            "region": "asia-southeast2",
            "role": "",
            "secondary_ip_range": [],
            "self_link": "https://www.googleapis.com/compute/v1/projects/comp-468008/regions/asia-southeast2/subnetworks/dev-utmstack-subnet",
            "send_secondary_ip_range_if_empty": null,
            "stack_type": "IPV4_ONLY",
            "timeouts": null
          },
          "sensitive_attributes": [],
          "identity_schema_version": 0,
          "private": "eyJlMmJmYjczMC1lY2FhLTExZTYtOGY4OC0zNDM2M2JjN2M0YzAiOnsiY3JlYXRlIjoxMjAwMDAwMDAwMDAwLCJkZWxldGUiOjEyMDAwMDAwMDAwMDAsInVwZGF0ZSI6MTIwMDAwMDAwMDAwMH19",
          "dependencies": [
            "google_compute_network.utmstack_network"
          ]
        }
      ]
    },
    {
      "mode": "managed",
      "type": "google_project_iam_member",
      "name": "utmstack_sa_roles",
      "provider": "provider[\"registry.terraform.io/hashicorp/google\"]",
      "instances": [
        {
          "index_key": "roles/compute.instanceAdmin.v1",
          "schema_version": 0,
          "attributes": {
            "condition": [],
            "etag": "BwY8ABPCWmM=",
            "id": "comp-468008/roles/compute.instanceAdmin.v1/serviceAccount:dev-utmstack-sa@comp-468008.iam.gserviceaccount.com",
            "member": "serviceAccount:dev-utmstack-sa@comp-468008.iam.gserviceaccount.com",
            "project": "comp-468008",
            "role": "roles/compute.instanceAdmin.v1"
          },
          "sensitive_attributes": [],
          "identity_schema_version": 0,
          "private": "bnVsbA==",
          "dependencies": [
            "google_service_account.utmstack_sa"
          ]
        },
        {
          "index_key": "roles/logging.logWriter",
          "schema_version": 0,
          "attributes": {
            "condition": [],
            "etag": "BwY8ABPCWmM=",
            "id": "comp-468008/roles/logging.logWriter/serviceAccount:dev-utmstack-sa@comp-468008.iam.gserviceaccount.com",
            "member": "serviceAccount:dev-utmstack-sa@comp-468008.iam.gserviceaccount.com",
            "project": "comp-468008",
            "role": "roles/logging.logWriter"
          },
          "sensitive_attributes": [],
          "identity_schema_version": 0,
          "private": "bnVsbA==",
          "dependencies": [
            "google_service_account.utmstack_sa"
          ]
        },
        {
          "index_key": "roles/monitoring.metricWriter",
          "schema_version": 0,
          "attributes": {
            "condition": [],
            "etag": "BwY8ABPCWmM=",
            "id": "comp-468008/roles/monitoring.metricWriter/serviceAccount:dev-utmstack-sa@comp-468008.iam.gserviceaccount.com",
            "member": "serviceAccount:dev-utmstack-sa@comp-468008.iam.gserviceaccount.com",
            "project": "comp-468008",
            "role": "roles/monitoring.metricWriter"
          },
          "sensitive_attributes": [],
          "identity_schema_version": 0,
          "private": "bnVsbA==",
          "dependencies": [
            "google_service_account.utmstack_sa"
          ]
        },
        {
          "index_key": "roles/storage.objectViewer",
          "schema_version": 0,
          "attributes": {
            "condition": [],
            "etag": "BwY8ABPCWmM=",
            "id": "comp-468008/roles/storage.objectViewer/serviceAccount:dev-utmstack-sa@comp-468008.iam.gserviceaccount.com",
            "member": "serviceAccount:dev-utmstack-sa@comp-468008.iam.gserviceaccount.com",
            "project": "comp-468008",
            "role": "roles/storage.objectViewer"
          },
          "sensitive_attributes": [],
          "identity_schema_version": 0,
          "private": "bnVsbA==",
          "dependencies": [
            "google_service_account.utmstack_sa"
          ]
        }
      ]
    },
    {
      "mode": "managed",
      "type": "google_service_account",
      "name": "utmstack_sa",
      "provider": "provider[\"registry.terraform.io/hashicorp/google\"]",
      "instances": [
        {
          "schema_version": 0,
          "attributes": {
            "account_id": "dev-utmstack-sa",
            "create_ignore_already_exists": null,
            "description": "Service account for UTMStack development VMs",
            "disabled": false,
            "display_name": "UTMStack Development Service Account",
            "email": "dev-utmstack-sa@comp-468008.iam.gserviceaccount.com",
            "id": "projects/comp-468008/serviceAccounts/dev-utmstack-sa@comp-468008.iam.gserviceaccount.com",
            "member": "serviceAccount:dev-utmstack-sa@comp-468008.iam.gserviceaccount.com",
            "name": "projects/comp-468008/serviceAccounts/dev-utmstack-sa@comp-468008.iam.gserviceaccount.com",
            "project": "comp-468008",
            "timeouts": null,
            "unique_id": "105754164769746733809"
          },
          "sensitive_attributes": [],
          "identity_schema_version": 0,
          "private": "eyJlMmJmYjczMC1lY2FhLTExZTYtOGY4OC0zNDM2M2JjN2M0YzAiOnsiY3JlYXRlIjozMDAwMDAwMDAwMDB9fQ=="
        }
      ]
    }
  ],
  "check_results": [
    {
      "object_kind": "var",
      "config_addr": "var.disk_type",
      "status": "pass",
      "objects": [
        {
          "object_addr": "var.disk_type",
          "status": "pass"
        }
      ]
    }
  ]
}
